
Microsoft Visual Studio Solution File, Format Version 12.00
# Visual Studio 14
VisualStudioVersion = 14.0.24720.0
MinimumVisualStudioVersion = 10.0.40219.1
Project("{FAE04EC0-301F-11D3-BF4B-00C04F79EFBC}") = "TastyDomainDriven", "TastyDomainDriven\TastyDomainDriven.csproj", "{CBEA5276-6614-4AA7-AE3B-C06A53C0C2A2}"
EndProject
Project("{FAE04EC0-301F-11D3-BF4B-00C04F79EFBC}") = "TastyDomainDriven.Azure", "TastyDomainDriven.Azure\TastyDomainDriven.Azure.csproj", "{212B8EFA-7033-4E8C-89D1-7454EF19340F}"
EndProject
Project("{FAE04EC0-301F-11D3-BF4B-00C04F79EFBC}") = "TastyDomainDriven.Tests", "TastyDomainDriven.Tests\TastyDomainDriven.Tests.csproj", "{8670CF5B-2E1C-4FC3-A930-62F9B53063E8}"
EndProject
Project("{2150E333-8FDC-42A3-9474-1A3956D46DE8}") = "CoreFx", "CoreFx", "{F1CD3186-C253-4761-B4FE-BFC9492A28E1}"
EndProject
Project("{8BB2217D-0F2D-49D1-97BC-3654ED321F3B}") = "EventStreamFx.Core", "EventStreamFx.Core\EventStreamFx.Core.xproj", "{B18B3B34-06FC-41EB-9C89-6F82272AB94C}"
EndProject
Project("{8BB2217D-0F2D-49D1-97BC-3654ED321F3B}") = "EventStreamFx.SampleDemo", "EventStreamFx.SampleDemo\EventStreamFx.SampleDemo.xproj", "{DEC8FFC5-0762-47EB-BC8C-8C4B404F63CB}"
EndProject
Project("{8BB2217D-0F2D-49D1-97BC-3654ED321F3B}") = "EventStreamFx.Stack", "EventStreamFx.Stack\EventStreamFx.Stack.xproj", "{ABB5028E-07F3-4BD8-A4A7-986EA453584E}"
EndProject
Project("{2150E333-8FDC-42A3-9474-1A3956D46DE8}") = "Solution Items", "Solution Items", "{05578D1C-FDBE-45A9-B53C-49B1854DF9C9}"
	ProjectSection(SolutionItems) = preProject
		EventStreamFx.Stack\global.json = EventStreamFx.Stack\global.json
	EndProjectSection
EndProject
Project("{8BB2217D-0F2D-49D1-97BC-3654ED321F3B}") = "EventStreamFx.BinarySerializer", "EventStreamFx.BinarySerializer\EventStreamFx.BinarySerializer.xproj", "{735599BD-1BA9-44B7-89E8-23E100608059}"
EndProject
Project("{8BB2217D-0F2D-49D1-97BC-3654ED321F3B}") = "EventStreamFx.DynamicEvent", "EventStreamFx.DynamicEvent\EventStreamFx.DynamicEvent.xproj", "{7EE20D27-DAB1-4EDC-8988-C79964F62A7B}"
EndProject
Global
	GlobalSection(SolutionConfigurationPlatforms) = preSolution
		Debug|Any CPU = Debug|Any CPU
		Release|Any CPU = Release|Any CPU
	EndGlobalSection
	GlobalSection(ProjectConfigurationPlatforms) = postSolution
		{CBEA5276-6614-4AA7-AE3B-C06A53C0C2A2}.Debug|Any CPU.ActiveCfg = Debug|Any CPU
		{CBEA5276-6614-4AA7-AE3B-C06A53C0C2A2}.Debug|Any CPU.Build.0 = Debug|Any CPU
		{CBEA5276-6614-4AA7-AE3B-C06A53C0C2A2}.Release|Any CPU.ActiveCfg = Release|Any CPU
		{CBEA5276-6614-4AA7-AE3B-C06A53C0C2A2}.Release|Any CPU.Build.0 = Release|Any CPU
		{212B8EFA-7033-4E8C-89D1-7454EF19340F}.Debug|Any CPU.ActiveCfg = Debug|Any CPU
		{212B8EFA-7033-4E8C-89D1-7454EF19340F}.Debug|Any CPU.Build.0 = Debug|Any CPU
		{212B8EFA-7033-4E8C-89D1-7454EF19340F}.Release|Any CPU.ActiveCfg = Release|Any CPU
		{212B8EFA-7033-4E8C-89D1-7454EF19340F}.Release|Any CPU.Build.0 = Release|Any CPU
		{8670CF5B-2E1C-4FC3-A930-62F9B53063E8}.Debug|Any CPU.ActiveCfg = Debug|Any CPU
		{8670CF5B-2E1C-4FC3-A930-62F9B53063E8}.Debug|Any CPU.Build.0 = Debug|Any CPU
		{8670CF5B-2E1C-4FC3-A930-62F9B53063E8}.Release|Any CPU.ActiveCfg = Release|Any CPU
		{8670CF5B-2E1C-4FC3-A930-62F9B53063E8}.Release|Any CPU.Build.0 = Release|Any CPU
		{B18B3B34-06FC-41EB-9C89-6F82272AB94C}.Debug|Any CPU.ActiveCfg = Debug|Any CPU
		{B18B3B34-06FC-41EB-9C89-6F82272AB94C}.Debug|Any CPU.Build.0 = Debug|Any CPU
		{B18B3B34-06FC-41EB-9C89-6F82272AB94C}.Release|Any CPU.ActiveCfg = Release|Any CPU
		{B18B3B34-06FC-41EB-9C89-6F82272AB94C}.Release|Any CPU.Build.0 = Release|Any CPU
		{DEC8FFC5-0762-47EB-BC8C-8C4B404F63CB}.Debug|Any CPU.ActiveCfg = Debug|Any CPU
		{DEC8FFC5-0762-47EB-BC8C-8C4B404F63CB}.Debug|Any CPU.Build.0 = Debug|Any CPU
		{DEC8FFC5-0762-47EB-BC8C-8C4B404F63CB}.Release|Any CPU.ActiveCfg = Release|Any CPU
		{DEC8FFC5-0762-47EB-BC8C-8C4B404F63CB}.Release|Any CPU.Build.0 = Release|Any CPU
		{ABB5028E-07F3-4BD8-A4A7-986EA453584E}.Debug|Any CPU.ActiveCfg = Debug|Any CPU
		{ABB5028E-07F3-4BD8-A4A7-986EA453584E}.Debug|Any CPU.Build.0 = Debug|Any CPU
		{ABB5028E-07F3-4BD8-A4A7-986EA453584E}.Release|Any CPU.ActiveCfg = Release|Any CPU
		{ABB5028E-07F3-4BD8-A4A7-986EA453584E}.Release|Any CPU.Build.0 = Release|Any CPU
		{735599BD-1BA9-44B7-89E8-23E100608059}.Debug|Any CPU.ActiveCfg = Debug|Any CPU
		{735599BD-1BA9-44B7-89E8-23E100608059}.Debug|Any CPU.Build.0 = Debug|Any CPU
		{735599BD-1BA9-44B7-89E8-23E100608059}.Release|Any CPU.ActiveCfg = Release|Any CPU
		{735599BD-1BA9-44B7-89E8-23E100608059}.Release|Any CPU.Build.0 = Release|Any CPU
		{7EE20D27-DAB1-4EDC-8988-C79964F62A7B}.Debug|Any CPU.ActiveCfg = Debug|Any CPU
		{7EE20D27-DAB1-4EDC-8988-C79964F62A7B}.Debug|Any CPU.Build.0 = Debug|Any CPU
		{7EE20D27-DAB1-4EDC-8988-C79964F62A7B}.Release|Any CPU.ActiveCfg = Release|Any CPU
		{7EE20D27-DAB1-4EDC-8988-C79964F62A7B}.Release|Any CPU.Build.0 = Release|Any CPU
	EndGlobalSection
	GlobalSection(SolutionProperties) = preSolution
		HideSolutionNode = FALSE
	EndGlobalSection
	GlobalSection(NestedProjects) = preSolution
		{B18B3B34-06FC-41EB-9C89-6F82272AB94C} = {F1CD3186-C253-4761-B4FE-BFC9492A28E1}
		{DEC8FFC5-0762-47EB-BC8C-8C4B404F63CB} = {F1CD3186-C253-4761-B4FE-BFC9492A28E1}
		{ABB5028E-07F3-4BD8-A4A7-986EA453584E} = {F1CD3186-C253-4761-B4FE-BFC9492A28E1}
		{735599BD-1BA9-44B7-89E8-23E100608059} = {F1CD3186-C253-4761-B4FE-BFC9492A28E1}
		{7EE20D27-DAB1-4EDC-8988-C79964F62A7B} = {F1CD3186-C253-4761-B4FE-BFC9492A28E1}
	EndGlobalSection
EndGlobal
